{
  "lockfileVersion": 1,
  "configVersion": 0,
  "workspaces": {
    "": {
      "name": "@jeffreycao/copilot-api",
      "dependencies": {
        "citty": "^0.1.6",
        "clipboardy": "^5.0.0",
        "consola": "^3.4.2",
        "fetch-event-stream": "^0.1.5",
        "gpt-tokenizer": "^3.0.1",
        "hono": "^4.9.9",
        "proxy-from-env": "^1.1.0",
        "srvx": "^0.11.15",
        "tiny-invariant": "^1.3.3",
        "undici": "^7.16.0",
        "winreg": "^1.2.5",
        "zod": "^4.1.11",
      },
      "devDependencies": {
        "@eslint/js": "^9.37.0",
        "@types/bun": "^1.2.23",
        "@types/proxy-from-env": "^1.0.4",
        "@types/winreg": "^1.2.36",
        "bumpp": "^10.2.3",
        "eslint": "^9.37.0",
        "eslint-config-flat-gitignore": "^2.1.0",
        "eslint-config-prettier": "^10.1.8",
        "eslint-plugin-prettier": "^5.5.4",
        "eslint-plugin-unused-imports": "^4.2.0",
        "globals": "^16.3.0",
        "knip": "^5.64.1",
        "lint-staged": "^16.2.3",
        "prettier": "^3.6.2",
        "prettier-plugin-packagejson": "^2.5.19",
        "simple-git-hooks": "^2.13.1",
        "tsdown": "^0.15.6",
        "typescript": "^5.9.3",
        "typescript-eslint": "^8.41.0",
      },
    },
  },
  "overrides": {
    "rolldown": "1.0.0-rc.18",
  },
  "packages": {
    "@babel/generator": ["@babel/generator@7.28.3", "", { "dependencies": { "@babel/parser": "^7.28.3", "@babel/types": "^7.28.2", "@jridgewell/gen-mapping": "^0.3.12", "@jridgewell/trace-mapping": "^0.3.28", "jsesc": "^3.0.2" } }, ""],

    "@babel/helper-string-parser": ["@babel/helper-string-parser@7.27.1", "", {}, ""],

    "@babel/helper-validator-identifier": ["@babel/helper-validator-identifier@7.27.1", "", {}, ""],

    "@babel/parser": ["@babel/parser@7.28.4", "", { "dependencies": { "@babel/types": "^7.28.4" }, "bin": { "parser": "bin/babel-parser.js" } }, ""],

    "@babel/types": ["@babel/types@7.28.4", "", { "dependencies": { "@babel/helper-string-parser": "^7.27.1", "@babel/helper-validator-identifier": "^7.27.1" } }, ""],

    "@emnapi/core": ["@emnapi/core@1.10.0", "", { "dependencies": { "@emnapi/wasi-threads": "1.2.1", "tslib": "^2.4.0" } }, "sha512-yq6OkJ4p82CAfPl0u9mQebQHKPJkY7WrIuk205cTYnYe+k2Z8YBh11FrbRG/H6ihirqcacOgl2BIO8oyMQLeXw=="],

    "@emnapi/runtime": ["@emnapi/runtime@1.10.0", "", { "dependencies": { "tslib": "^2.4.0" } }, "sha512-ewvYlk86xUoGI0zQRNq/mC+16R1QeDlKQy21Ki3oSYXNgLb45GV1P6A0M+/s6nyCuNDqe5VpaY84BzXGwVbwFA=="],

    "@emnapi/wasi-threads": ["@emnapi/wasi-threads@1.2.1", "", { "dependencies": { "tslib": "^2.4.0" } }, "sha512-uTII7OYF+/Mes/MrcIOYp5yOtSMLBWSIoLPpcgwipoiKbli6k322tcoFsxoIIxPDqW01SQGAgko4EzZi2BNv2w=="],

    "@eslint-community/eslint-utils": ["@eslint-community/eslint-utils@4.9.0", "", { "dependencies": { "eslint-visitor-keys": "^3.4.3" }, "peerDependencies": { "eslint": "^6.0.0 || ^7.0.0 || >=8.0.0" } }, ""],

    "@eslint-community/regexpp": ["@eslint-community/regexpp@4.12.1", "", {}, ""],

    "@eslint/compat": ["@eslint/compat@1.4.0", "", { "dependencies": { "@eslint/core": "^0.16.0" }, "peerDependencies": { "eslint": "^8.40 || 9" } }, ""],

    "@eslint/config-array": ["@eslint/config-array@0.21.0", "", { "dependencies": { "@eslint/object-schema": "^2.1.6", "debug": "^4.3.1", "minimatch": "^3.1.2" } }, ""],

    "@eslint/config-helpers": ["@eslint/config-helpers@0.4.0", "", { "dependencies": { "@eslint/core": "^0.16.0" } }, ""],

    "@eslint/core": ["@eslint/core@0.16.0", "", { "dependencies": { "@types/json-schema": "^7.0.15" } }, ""],

    "@eslint/eslintrc": ["@eslint/eslintrc@3.3.1", "", { "dependencies": { "ajv": "^6.12.4", "debug": "^4.3.2", "espree": "^10.0.1", "globals": "^14.0.0", "ignore": "^5.2.0", "import-fresh": "^3.2.1", "js-yaml": "^4.1.0", "minimatch": "^3.1.2", "strip-json-comments": "^3.1.1" } }, ""],

    "@eslint/js": ["@eslint/js@9.37.0", "", {}, ""],

    "@eslint/object-schema": ["@eslint/object-schema@2.1.6", "", {}, ""],

    "@eslint/plugin-kit": ["@eslint/plugin-kit@0.4.0", "", { "dependencies": { "@eslint/core": "^0.16.0", "levn": "^0.4.1" } }, ""],

    "@humanfs/core": ["@humanfs/core@0.19.1", "", {}, ""],

    "@humanfs/node": ["@humanfs/node@0.16.7", "", { "dependencies": { "@humanfs/core": "^0.19.1", "@humanwhocodes/retry": "^0.4.0" } }, ""],

    "@humanwhocodes/module-importer": ["@humanwhocodes/module-importer@1.0.1", "", {}, ""],

    "@humanwhocodes/retry": ["@humanwhocodes/retry@0.4.3", "", {}, ""],

    "@jridgewell/gen-mapping": ["@jridgewell/gen-mapping@0.3.13", "", { "dependencies": { "@jridgewell/sourcemap-codec": "^1.5.0", "@jridgewell/trace-mapping": "^0.3.24" } }, ""],

    "@jridgewell/resolve-uri": ["@jridgewell/resolve-uri@3.1.2", "", {}, ""],

    "@jridgewell/sourcemap-codec": ["@jridgewell/sourcemap-codec@1.5.5", "", {}, ""],

    "@jridgewell/trace-mapping": ["@jridgewell/trace-mapping@0.3.31", "", { "dependencies": { "@jridgewell/resolve-uri": "^3.1.0", "@jridgewell/sourcemap-codec": "^1.4.14" } }, ""],

    "@napi-rs/wasm-runtime": ["@napi-rs/wasm-runtime@1.1.4", "", { "dependencies": { "@tybys/wasm-util": "^0.10.1" }, "peerDependencies": { "@emnapi/core": "^1.7.1", "@emnapi/runtime": "^1.7.1" } }, "sha512-3NQNNgA1YSlJb/kMH1ildASP9HW7/7kYnRI2szWJaofaS1hWmbGI4H+d3+22aGzXXN9IJ+n+GiFVcGipJP18ow=="],

    "@nodelib/fs.scandir": ["@nodelib/fs.scandir@2.1.5", "", { "dependencies": { "@nodelib/fs.stat": "2.0.5", "run-parallel": "^1.1.9" } }, ""],

    "@nodelib/fs.stat": ["@nodelib/fs.stat@2.0.5", "", {}, ""],

    "@nodelib/fs.walk": ["@nodelib/fs.walk@1.2.8", "", { "dependencies": { "@nodelib/fs.scandir": "2.1.5", "fastq": "^1.6.0" } }, ""],

    "@oxc-project/types": ["@oxc-project/types@0.128.0", "", {}, "sha512-huv1Y/LzBJkBVHt3OlC7u0zHBW9qXf1FdD7sGmc1rXc2P1mTwHssYv7jyGx5KAACSCH+9B3Bhn6Z9luHRvf7pQ=="],

    "@oxc-resolver/binding-win32-x64-msvc": ["@oxc-resolver/binding-win32-x64-msvc@11.9.0", "", { "os": "win32", "cpu": "x64" }, ""],

    "@pkgr/core": ["@pkgr/core@0.2.9", "", {}, ""],

    "@quansync/fs": ["@quansync/fs@0.1.5", "", { "dependencies": { "quansync": "^0.2.11" } }, ""],

    "@rolldown/binding-android-arm64": ["@rolldown/binding-android-arm64@1.0.0-rc.18", "", { "os": "android", "cpu": "arm64" }, "sha512-lIDyUAfD7U3+BWKzdxMbJcsYHuqXqmGz40aeRqvuAm3y5TkJSYTBW2RDrn65DJFPQqVjUAUqq5uz8urzQ8aBdQ=="],

    "@rolldown/binding-darwin-arm64": ["@rolldown/binding-darwin-arm64@1.0.0-rc.18", "", { "os": "darwin", "cpu": "arm64" }, "sha512-apJq2ktnGp27nSInMR5Vcj8kY6xJzDAvfdIFlpDcAK/w4cDO58qVoi1YQsES/SKiFNge/6e4CUzgjfHduYqWpQ=="],

    "@rolldown/binding-darwin-x64": ["@rolldown/binding-darwin-x64@1.0.0-rc.18", "", { "os": "darwin", "cpu": "x64" }, "sha512-5Ofot8xbs+pxRHJqm9/9N/4sTQOvdrwEsmPE9pdLEEoAbdZtG6F2LMDfO1sp6ZAtXJuJV/21ew2srq3W8NXB5g=="],

    "@rolldown/binding-freebsd-x64": ["@rolldown/binding-freebsd-x64@1.0.0-rc.18", "", { "os": "freebsd", "cpu": "x64" }, "sha512-7h8eeOTT1eyqJyx64BFCnWZpNm486hGWt2sqeLLgDxA0xI1oGZ9H7gK1S85uNGmBhkdPwa/6reTxfFFKvIsebw=="],

    "@rolldown/binding-linux-arm-gnueabihf": ["@rolldown/binding-linux-arm-gnueabihf@1.0.0-rc.18", "", { "os": "linux", "cpu": "arm" }, "sha512-eRcm/HVt9U/JFu5RKAEKwGQYtDCKWLiaH6wOnsSEp6NMBb/3Os8LgHZlNyzMpFVNmiiMFlfb2zEnebfzJrHFmg=="],

    "@rolldown/binding-linux-arm64-gnu": ["@rolldown/binding-linux-arm64-gnu@1.0.0-rc.18", "", { "os": "linux", "cpu": "arm64" }, "sha512-SOrT/cT4ukTmgnrEz/Hg3m7LBnuCLW9psDeMKrimRWY4I8DmnO7Lco8W2vtqPmMkbVu8iJ+g4GFLVLLOVjJ9DQ=="],

    "@rolldown/binding-linux-arm64-musl": ["@rolldown/binding-linux-arm64-musl@1.0.0-rc.18", "", { "os": "linux", "cpu": "arm64" }, "sha512-QWjdxN1HJCpBTAcZ5N5F7wju3gVPzRzSpmGzx7na0c/1qpN9CFil+xt+l9lV/1M6/gqHSNXCiqPfwhVJPeLnug=="],

    "@rolldown/binding-linux-ppc64-gnu": ["@rolldown/binding-linux-ppc64-gnu@1.0.0-rc.18", "", { "os": "linux", "cpu": "ppc64" }, "sha512-ugCOyj7a4d9h3q9B+wXmf6g3a68UsjGh6dob5DHevHGMwDUbhsYNbSPxJsENcIttJZ9jv7qGM2UesLw5jqIhdg=="],

    "@rolldown/binding-linux-s390x-gnu": ["@rolldown/binding-linux-s390x-gnu@1.0.0-rc.18", "", { "os": "linux", "cpu": "s390x" }, "sha512-kKWRhbsotpXkGbcd5dllUWg5gEXcDAa8u5YnP9AV5DYNbvJHGzzuwv7dpmhc8NqKMJldl0a+x76IHbspEpEmdA=="],

    "@rolldown/binding-linux-x64-gnu": ["@rolldown/binding-linux-x64-gnu@1.0.0-rc.18", "", { "os": "linux", "cpu": "x64" }, "sha512-uCo8ElcCIAMyYAZyuIZ81oFkhTSIllNvUCHCAlbhlN4ji3uC28h7IIdlXyIvGO7HsuqnV9p3rD/bpH7XhIyhRw=="],

    "@rolldown/binding-linux-x64-musl": ["@rolldown/binding-linux-x64-musl@1.0.0-rc.18", "", { "os": "linux", "cpu": "x64" }, "sha512-XNOQZtuE6yUIvx4rwGemwh8kpL1xvU41FXy/s9K7T/3JVcqGzo3NfKM2HrbrGgfPYGFW42f07Wk++aOC6B9NWA=="],

    "@rolldown/binding-openharmony-arm64": ["@rolldown/binding-openharmony-arm64@1.0.0-rc.18", "", { "os": "none", "cpu": "arm64" }, "sha512-tSn/kzrfa7tNOXr7sEacDBN4YsIqTyLqh45IO0nHDwtpKIDNDJr+VFojt+4klSpChxB29JLyduSsE0MKEwa65A=="],

    "@rolldown/binding-wasm32-wasi": ["@rolldown/binding-wasm32-wasi@1.0.0-rc.18", "", { "dependencies": { "@emnapi/core": "1.10.0", "@emnapi/runtime": "1.10.0", "@napi-rs/wasm-runtime": "^1.1.4" }, "cpu": "none" }, "sha512-+J9YGmc+czgqlhYmwun3S3O0FIZhsH8ep2456xwjAdIOmuJxM7xz4P4PtrxU+Bz17a/5bqPA8o3HAAoX0teUdg=="],

    "@rolldown/binding-win32-arm64-msvc": ["@rolldown/binding-win32-arm64-msvc@1.0.0-rc.18", "", { "os": "win32", "cpu": "arm64" }, "sha512-zsu47DgU0FQzSwi6sU9dZoEdUv7pc1AptSEz/Z8HBg54sV0Pbs3N0+CrIbTsgiu6EyoaNN9CHboqbLaz9lhOyQ=="],

    "@rolldown/binding-win32-x64-msvc": ["@rolldown/binding-win32-x64-msvc@1.0.0-rc.18", "", { "os": "win32", "cpu": "x64" }, "sha512-7H+3yqGgmnlDTRRhw/xpYY9J1kf4GC681nVc4GqKhExZTDrVVrV2tsOR9kso0fvgBdcTCcQShx4SLLoHgaLwhg=="],

    "@rolldown/pluginutils": ["@rolldown/pluginutils@1.0.0-rc.18", "", {}, "sha512-CUY5Mnhe64xQBGZEEXQ5WyZwsc1JU3vAZLIxtrsBt3LO6UOb+C8GunVKqe9sT8NeWb4lqSaoJtp2xo6GxT1MNw=="],

    "@sec-ant/readable-stream": ["@sec-ant/readable-stream@0.4.1", "", {}, ""],

    "@sindresorhus/merge-streams": ["@sindresorhus/merge-streams@4.0.0", "", {}, ""],

    "@tybys/wasm-util": ["@tybys/wasm-util@0.10.2", "", { "dependencies": { "tslib": "^2.4.0" } }, "sha512-RoBvJ2X0wuKlWFIjrwffGw1IqZHKQqzIchKaadZZfnNpsAYp2mM0h36JtPCjNDAHGgYez/15uMBpfGwchhiMgg=="],

    "@types/bun": ["@types/bun@1.2.23", "", { "dependencies": { "bun-types": "1.2.23" } }, ""],

    "@types/estree": ["@types/estree@1.0.8", "", {}, ""],

    "@types/json-schema": ["@types/json-schema@7.0.15", "", {}, ""],

    "@types/node": ["@types/node@24.6.2", "", { "dependencies": { "undici-types": "~7.13.0" } }, ""],

    "@types/proxy-from-env": ["@types/proxy-from-env@1.0.4", "", { "dependencies": { "@types/node": "*" } }, ""],

    "@types/react": ["@types/react@19.2.0", "", { "dependencies": { "csstype": "^3.0.2" } }, ""],

    "@types/winreg": ["@types/winreg@1.2.36", "", {}, ""],

    "@typescript-eslint/eslint-plugin": ["@typescript-eslint/eslint-plugin@8.45.0", "", { "dependencies": { "@eslint-community/regexpp": "^4.10.0", "@typescript-eslint/scope-manager": "8.45.0", "@typescript-eslint/type-utils": "8.45.0", "@typescript-eslint/utils": "8.45.0", "@typescript-eslint/visitor-keys": "8.45.0", "graphemer": "^1.4.0", "ignore": "^7.0.0", "natural-compare": "^1.4.0", "ts-api-utils": "^2.1.0" }, "peerDependencies": { "@typescript-eslint/parser": "^8.45.0", "eslint": "^8.57.0 || ^9.0.0", "typescript": ">=4.8.4 <6.0.0" } }, ""],

    "@typescript-eslint/parser": ["@typescript-eslint/parser@8.45.0", "", { "dependencies": { "@typescript-eslint/scope-manager": "8.45.0", "@typescript-eslint/types": "8.45.0", "@typescript-eslint/typescript-estree": "8.45.0", "@typescript-eslint/visitor-keys": "8.45.0", "debug": "^4.3.4" }, "peerDependencies": { "eslint": "^8.57.0 || ^9.0.0", "typescript": ">=4.8.4 <6.0.0" } }, ""],

    "@typescript-eslint/project-service": ["@typescript-eslint/project-service@8.45.0", "", { "dependencies": { "@typescript-eslint/tsconfig-utils": "^8.45.0", "@typescript-eslint/types": "^8.45.0", "debug": "^4.3.4" }, "peerDependencies": { "typescript": ">=4.8.4 <6.0.0" } }, ""],

    "@typescript-eslint/scope-manager": ["@typescript-eslint/scope-manager@8.45.0", "", { "dependencies": { "@typescript-eslint/types": "8.45.0", "@typescript-eslint/visitor-keys": "8.45.0" } }, ""],

    "@typescript-eslint/tsconfig-utils": ["@typescript-eslint/tsconfig-utils@8.45.0", "", { "peerDependencies": { "typescript": ">=4.8.4 <6.0.0" } }, ""],

    "@typescript-eslint/type-utils": ["@typescript-eslint/type-utils@8.45.0", "", { "dependencies": { "@typescript-eslint/types": "8.45.0", "@typescript-eslint/typescript-estree": "8.45.0", "@typescript-eslint/utils": "8.45.0", "debug": "^4.3.4", "ts-api-utils": "^2.1.0" }, "peerDependencies": { "eslint": "^8.57.0 || ^9.0.0", "typescript": ">=4.8.4 <6.0.0" } }, ""],

    "@typescript-eslint/types": ["@typescript-eslint/types@8.45.0", "", {}, ""],

    "@typescript-eslint/typescript-estree": ["@typescript-eslint/typescript-estree@8.45.0", "", { "dependencies": { "@typescript-eslint/project-service": "8.45.0", "@typescript-eslint/tsconfig-utils": "8.45.0", "@typescript-eslint/types": "8.45.0", "@typescript-eslint/visitor-keys": "8.45.0", "debug": "^4.3.4", "fast-glob": "^3.3.2", "is-glob": "^4.0.3", "minimatch": "^9.0.4", "semver": "^7.6.0", "ts-api-utils": "^2.1.0" }, "peerDependencies": { "typescript": ">=4.8.4 <6.0.0" } }, ""],

    "@typescript-eslint/utils": ["@typescript-eslint/utils@8.45.0", "", { "dependencies": { "@eslint-community/eslint-utils": "^4.7.0", "@typescript-eslint/scope-manager": "8.45.0", "@typescript-eslint/types": "8.45.0", "@typescript-eslint/typescript-estree": "8.45.0" }, "peerDependencies": { "eslint": "^8.57.0 || ^9.0.0", "typescript": ">=4.8.4 <6.0.0" } }, ""],

    "@typescript-eslint/visitor-keys": ["@typescript-eslint/visitor-keys@8.45.0", "", { "dependencies": { "@typescript-eslint/types": "8.45.0", "eslint-visitor-keys": "^4.2.1" } }, ""],

    "acorn": ["acorn@8.15.0", "", { "bin": "bin/acorn" }, ""],

    "acorn-jsx": ["acorn-jsx@5.3.2", "", { "peerDependencies": { "acorn": "^6.0.0 || ^7.0.0 || ^8.0.0" } }, ""],

    "ajv": ["ajv@6.15.0", "", { "dependencies": { "fast-deep-equal": "^3.1.1", "fast-json-stable-stringify": "^2.0.0", "json-schema-traverse": "^0.4.1", "uri-js": "^4.2.2" } }, "sha512-fgFx7Hfoq60ytK2c7DhnF8jIvzYgOMxfugjLOSMHjLIPgenqa7S7oaagATUq99mV6IYvN2tRmC0wnTYX6iPbMw=="],

    "ansi-escapes": ["ansi-escapes@7.1.1", "", { "dependencies": { "environment": "^1.0.0" } }, ""],

    "ansi-regex": ["ansi-regex@6.2.2", "", {}, ""],

    "ansi-styles": ["ansi-styles@4.3.0", "", { "dependencies": { "color-convert": "^2.0.1" } }, ""],

    "ansis": ["ansis@4.2.0", "", {}, ""],

    "argparse": ["argparse@2.0.1", "", {}, ""],

    "args-tokenizer": ["args-tokenizer@0.3.0", "", {}, ""],

    "ast-kit": ["ast-kit@2.1.2", "", { "dependencies": { "@babel/parser": "^7.28.0", "pathe": "^2.0.3" } }, ""],

    "balanced-match": ["balanced-match@1.0.2", "", {}, ""],

    "birpc": ["birpc@2.6.1", "", {}, ""],

    "brace-expansion": ["brace-expansion@1.1.14", "", { "dependencies": { "balanced-match": "^1.0.0", "concat-map": "0.0.1" } }, "sha512-MWPGfDxnyzKU7rNOW9SP/c50vi3xrmrua/+6hfPbCS2ABNWfx24vPidzvC7krjU/RTo235sV776ymlsMtGKj8g=="],

    "braces": ["braces@3.0.3", "", { "dependencies": { "fill-range": "^7.1.1" } }, ""],

    "bumpp": ["bumpp@10.2.3", "", { "dependencies": { "ansis": "^4.1.0", "args-tokenizer": "^0.3.0", "c12": "^3.2.0", "cac": "^6.7.14", "escalade": "^3.2.0", "jsonc-parser": "^3.3.1", "package-manager-detector": "^1.3.0", "semver": "^7.7.2", "tinyexec": "^1.0.1", "tinyglobby": "^0.2.14", "yaml": "^2.8.1" }, "bin": "bin/bumpp.mjs" }, ""],

    "bun-types": ["bun-types@1.2.23", "", { "dependencies": { "@types/node": "*" }, "peerDependencies": { "@types/react": "^19" } }, ""],

    "c12": ["c12@3.3.0", "", { "dependencies": { "chokidar": "^4.0.3", "confbox": "^0.2.2", "defu": "^6.1.4", "dotenv": "^17.2.2", "exsolve": "^1.0.7", "giget": "^2.0.0", "jiti": "^2.5.1", "ohash": "^2.0.11", "pathe": "^2.0.3", "perfect-debounce": "^2.0.0", "pkg-types": "^2.3.0", "rc9": "^2.1.2" }, "peerDependencies": { "magicast": "^0.3.5" }, "optionalPeers": ["magicast"] }, ""],

    "cac": ["cac@6.7.14", "", {}, ""],

    "callsites": ["callsites@3.1.0", "", {}, ""],

    "chalk": ["chalk@4.1.2", "", { "dependencies": { "ansi-styles": "^4.1.0", "supports-color": "^7.1.0" } }, ""],

    "chokidar": ["chokidar@4.0.3", "", { "dependencies": { "readdirp": "^4.0.1" } }, ""],

    "citty": ["citty@0.1.6", "", { "dependencies": { "consola": "^3.2.3" } }, ""],

    "cli-cursor": ["cli-cursor@5.0.0", "", { "dependencies": { "restore-cursor": "^5.0.0" } }, ""],

    "cli-truncate": ["cli-truncate@5.1.0", "", { "dependencies": { "slice-ansi": "^7.1.0", "string-width": "^8.0.0" } }, ""],

    "clipboardy": ["clipboardy@5.0.0", "", { "dependencies": { "execa": "^9.6.0", "is-wayland": "^0.1.0", "is-wsl": "^3.1.0", "is64bit": "^2.0.0" } }, ""],

    "color-convert": ["color-convert@2.0.1", "", { "dependencies": { "color-name": "~1.1.4" } }, ""],

    "color-name": ["color-name@1.1.4", "", {}, ""],

    "colorette": ["colorette@2.0.20", "", {}, ""],

    "commander": ["commander@14.0.1", "", {}, ""],

    "concat-map": ["concat-map@0.0.1", "", {}, ""],

    "confbox": ["confbox@0.2.2", "", {}, ""],

    "consola": ["consola@3.4.2", "", {}, ""],

    "cross-spawn": ["cross-spawn@7.0.6", "", { "dependencies": { "path-key": "^3.1.0", "shebang-command": "^2.0.0", "which": "^2.0.1" } }, ""],

    "csstype": ["csstype@3.1.3", "", {}, ""],

    "debug": ["debug@4.4.3", "", { "dependencies": { "ms": "^2.1.3" } }, ""],

    "deep-is": ["deep-is@0.1.4", "", {}, ""],

    "defu": ["defu@6.1.7", "", {}, "sha512-7z22QmUWiQ/2d0KkdYmANbRUVABpZ9SNYyH5vx6PZ+nE5bcC0l7uFvEfHlyld/HcGBFTL536ClDt3DEcSlEJAQ=="],

    "destr": ["destr@2.0.5", "", {}, ""],

    "detect-indent": ["detect-indent@7.0.2", "", {}, ""],

    "detect-newline": ["detect-newline@4.0.1", "", {}, ""],

    "diff": ["diff@8.0.4", "", {}, "sha512-DPi0FmjiSU5EvQV0++GFDOJ9ASQUVFh5kD+OzOnYdi7n3Wpm9hWWGfB/O2blfHcMVTL5WkQXSnRiK9makhrcnw=="],

    "dotenv": ["dotenv@17.2.3", "", {}, ""],

    "dts-resolver": ["dts-resolver@2.1.2", "", { "peerDependencies": { "oxc-resolver": ">=11.0.0" } }, ""],

    "emoji-regex": ["emoji-regex@10.5.0", "", {}, ""],

    "empathic": ["empathic@2.0.0", "", {}, ""],

    "environment": ["environment@1.1.0", "", {}, ""],

    "escalade": ["escalade@3.2.0", "", {}, ""],

    "escape-string-regexp": ["escape-string-regexp@4.0.0", "", {}, ""],

    "eslint": ["eslint@9.37.0", "", { "dependencies": { "@eslint-community/eslint-utils": "^4.8.0", "@eslint-community/regexpp": "^4.12.1", "@eslint/config-array": "^0.21.0", "@eslint/config-helpers": "^0.4.0", "@eslint/core": "^0.16.0", "@eslint/eslintrc": "^3.3.1", "@eslint/js": "9.37.0", "@eslint/plugin-kit": "^0.4.0", "@humanfs/node": "^0.16.6", "@humanwhocodes/module-importer": "^1.0.1", "@humanwhocodes/retry": "^0.4.2", "@types/estree": "^1.0.6", "@types/json-schema": "^7.0.15", "ajv": "^6.12.4", "chalk": "^4.0.0", "cross-spawn": "^7.0.6", "debug": "^4.3.2", "escape-string-regexp": "^4.0.0", "eslint-scope": "^8.4.0", "eslint-visitor-keys": "^4.2.1", "espree": "^10.4.0", "esquery": "^1.5.0", "esutils": "^2.0.2", "fast-deep-equal": "^3.1.3", "file-entry-cache": "^8.0.0", "find-up": "^5.0.0", "glob-parent": "^6.0.2", "ignore": "^5.2.0", "imurmurhash": "^0.1.4", "is-glob": "^4.0.0", "json-stable-stringify-without-jsonify": "^1.0.1", "lodash.merge": "^4.6.2", "minimatch": "^3.1.2", "natural-compare": "^1.4.0", "optionator": "^0.9.3" }, "peerDependencies": { "jiti": "*" }, "bin": "bin/eslint.js" }, ""],

    "eslint-config-flat-gitignore": ["eslint-config-flat-gitignore@2.1.0", "", { "dependencies": { "@eslint/compat": "^1.2.5" }, "peerDependencies": { "eslint": "^9.5.0" } }, ""],

    "eslint-config-prettier": ["eslint-config-prettier@10.1.8", "", { "peerDependencies": { "eslint": ">=7.0.0" }, "bin": "bin/cli.js" }, ""],

    "eslint-plugin-prettier": ["eslint-plugin-prettier@5.5.4", "", { "dependencies": { "prettier-linter-helpers": "^1.0.0", "synckit": "^0.11.7" }, "peerDependencies": { "@types/eslint": ">=8.0.0", "eslint": ">=8.0.0", "eslint-config-prettier": ">= 7.0.0 <10.0.0 || >=10.1.0", "prettier": ">=3.0.0" }, "optionalPeers": ["@types/eslint"] }, ""],

    "eslint-plugin-unused-imports": ["eslint-plugin-unused-imports@4.2.0", "", { "peerDependencies": { "@typescript-eslint/eslint-plugin": "^8.0.0-0 || ^7.0.0 || ^6.0.0 || ^5.0.0", "eslint": "^9.0.0 || ^8.0.0" } }, ""],

    "eslint-scope": ["eslint-scope@8.4.0", "", { "dependencies": { "esrecurse": "^4.3.0", "estraverse": "^5.2.0" } }, ""],

    "eslint-visitor-keys": ["eslint-visitor-keys@4.2.1", "", {}, ""],

    "espree": ["espree@10.4.0", "", { "dependencies": { "acorn": "^8.15.0", "acorn-jsx": "^5.3.2", "eslint-visitor-keys": "^4.2.1" } }, ""],

    "esquery": ["esquery@1.6.0", "", { "dependencies": { "estraverse": "^5.1.0" } }, ""],

    "esrecurse": ["esrecurse@4.3.0", "", { "dependencies": { "estraverse": "^5.2.0" } }, ""],

    "estraverse": ["estraverse@5.3.0", "", {}, ""],

    "esutils": ["esutils@2.0.3", "", {}, ""],

    "eventemitter3": ["eventemitter3@5.0.1", "", {}, ""],

    "execa": ["execa@9.6.0", "", { "dependencies": { "@sindresorhus/merge-streams": "^4.0.0", "cross-spawn": "^7.0.6", "figures": "^6.1.0", "get-stream": "^9.0.0", "human-signals": "^8.0.1", "is-plain-obj": "^4.1.0", "is-stream": "^4.0.1", "npm-run-path": "^6.0.0", "pretty-ms": "^9.2.0", "signal-exit": "^4.1.0", "strip-final-newline": "^4.0.0", "yoctocolors": "^2.1.1" } }, ""],

    "exsolve": ["exsolve@1.0.7", "", {}, ""],

    "fast-deep-equal": ["fast-deep-equal@3.1.3", "", {}, ""],

    "fast-diff": ["fast-diff@1.3.0", "", {}, ""],

    "fast-glob": ["fast-glob@3.3.3", "", { "dependencies": { "@nodelib/fs.stat": "^2.0.2", "@nodelib/fs.walk": "^1.2.3", "glob-parent": "^5.1.2", "merge2": "^1.3.0", "micromatch": "^4.0.8" } }, ""],

    "fast-json-stable-stringify": ["fast-json-stable-stringify@2.1.0", "", {}, ""],

    "fast-levenshtein": ["fast-levenshtein@2.0.6", "", {}, ""],

    "fastq": ["fastq@1.19.1", "", { "dependencies": { "reusify": "^1.0.4" } }, ""],

    "fd-package-json": ["fd-package-json@2.0.0", "", { "dependencies": { "walk-up-path": "^4.0.0" } }, ""],

    "fdir": ["fdir@6.5.0", "", { "peerDependencies": { "picomatch": "^3 || ^4" } }, ""],

    "fetch-event-stream": ["fetch-event-stream@0.1.5", "", {}, ""],

    "figures": ["figures@6.1.0", "", { "dependencies": { "is-unicode-supported": "^2.0.0" } }, ""],

    "file-entry-cache": ["file-entry-cache@8.0.0", "", { "dependencies": { "flat-cache": "^4.0.0" } }, ""],

    "fill-range": ["fill-range@7.1.1", "", { "dependencies": { "to-regex-range": "^5.0.1" } }, ""],

    "find-up": ["find-up@5.0.0", "", { "dependencies": { "locate-path": "^6.0.0", "path-exists": "^4.0.0" } }, ""],

    "flat-cache": ["flat-cache@4.0.1", "", { "dependencies": { "flatted": "^3.2.9", "keyv": "^4.5.4" } }, ""],

    "flatted": ["flatted@3.4.2", "", {}, "sha512-PjDse7RzhcPkIJwy5t7KPWQSZ9cAbzQXcafsetQoD7sOJRQlGikNbx7yZp2OotDnJyrDcbyRq3Ttb18iYOqkxA=="],

    "formatly": ["formatly@0.3.0", "", { "dependencies": { "fd-package-json": "^2.0.0" }, "bin": "bin/index.mjs" }, ""],

    "get-east-asian-width": ["get-east-asian-width@1.4.0", "", {}, ""],

    "get-stream": ["get-stream@9.0.1", "", { "dependencies": { "@sec-ant/readable-stream": "^0.4.1", "is-stream": "^4.0.1" } }, ""],

    "get-tsconfig": ["get-tsconfig@4.10.1", "", { "dependencies": { "resolve-pkg-maps": "^1.0.0" } }, ""],

    "giget": ["giget@2.0.0", "", { "dependencies": { "citty": "^0.1.6", "consola": "^3.4.0", "defu": "^6.1.4", "node-fetch-native": "^1.6.6", "nypm": "^0.6.0", "pathe": "^2.0.3" }, "bin": "dist/cli.mjs" }, ""],

    "git-hooks-list": ["git-hooks-list@4.1.1", "", {}, ""],

    "glob-parent": ["glob-parent@6.0.2", "", { "dependencies": { "is-glob": "^4.0.3" } }, ""],

    "globals": ["globals@16.4.0", "", {}, ""],

    "gpt-tokenizer": ["gpt-tokenizer@3.0.1", "", {}, ""],

    "graphemer": ["graphemer@1.4.0", "", {}, ""],

    "has-flag": ["has-flag@4.0.0", "", {}, ""],

    "hono": ["hono@4.12.18", "", {}, "sha512-RWzP96k/yv0PQfyXnWjs6zot20TqfpfsNXhOnev8d1InAxubW93L11/oNUc3tQqn2G0bSdAOBpX+2uDFHV7kdQ=="],

    "hookable": ["hookable@5.5.3", "", {}, ""],

    "human-signals": ["human-signals@8.0.1", "", {}, ""],

    "ignore": ["ignore@5.3.2", "", {}, ""],

    "import-fresh": ["import-fresh@3.3.1", "", { "dependencies": { "parent-module": "^1.0.0", "resolve-from": "^4.0.0" } }, ""],

    "imurmurhash": ["imurmurhash@0.1.4", "", {}, ""],

    "is-docker": ["is-docker@3.0.0", "", { "bin": "cli.js" }, ""],

    "is-extglob": ["is-extglob@2.1.1", "", {}, ""],

    "is-fullwidth-code-point": ["is-fullwidth-code-point@5.1.0", "", { "dependencies": { "get-east-asian-width": "^1.3.1" } }, ""],

    "is-glob": ["is-glob@4.0.3", "", { "dependencies": { "is-extglob": "^2.1.1" } }, ""],

    "is-inside-container": ["is-inside-container@1.0.0", "", { "dependencies": { "is-docker": "^3.0.0" }, "bin": "cli.js" }, ""],

    "is-number": ["is-number@7.0.0", "", {}, ""],

    "is-plain-obj": ["is-plain-obj@4.1.0", "", {}, ""],

    "is-stream": ["is-stream@4.0.1", "", {}, ""],

    "is-unicode-supported": ["is-unicode-supported@2.1.0", "", {}, ""],

    "is-wayland": ["is-wayland@0.1.0", "", {}, ""],

    "is-wsl": ["is-wsl@3.1.0", "", { "dependencies": { "is-inside-container": "^1.0.0" } }, ""],

    "is64bit": ["is64bit@2.0.0", "", { "dependencies": { "system-architecture": "^0.1.0" } }, ""],

    "isexe": ["isexe@2.0.0", "", {}, ""],

    "jiti": ["jiti@2.6.1", "", { "bin": "lib/jiti-cli.mjs" }, ""],

    "js-yaml": ["js-yaml@4.1.1", "", { "dependencies": { "argparse": "^2.0.1" }, "bin": "bin/js-yaml.js" }, "sha512-qQKT4zQxXl8lLwBtHMWwaTcGfFOZviOJet3Oy/xmGk2gZH677CJM9EvtfdSkgWcATZhj/55JZ0rmy3myCT5lsA=="],

    "jsesc": ["jsesc@3.1.0", "", { "bin": "bin/jsesc" }, ""],

    "json-buffer": ["json-buffer@3.0.1", "", {}, ""],

    "json-schema-traverse": ["json-schema-traverse@0.4.1", "", {}, ""],

    "json-stable-stringify-without-jsonify": ["json-stable-stringify-without-jsonify@1.0.1", "", {}, ""],

    "jsonc-parser": ["jsonc-parser@3.3.1", "", {}, ""],

    "keyv": ["keyv@4.5.4", "", { "dependencies": { "json-buffer": "3.0.1" } }, ""],

    "knip": ["knip@5.64.1", "", { "dependencies": { "@nodelib/fs.walk": "^1.2.3", "fast-glob": "^3.3.3", "formatly": "^0.3.0", "jiti": "^2.6.0", "js-yaml": "^4.1.0", "minimist": "^1.2.8", "oxc-resolver": "^11.8.3", "picocolors": "^1.1.1", "picomatch": "^4.0.1", "smol-toml": "^1.4.1", "strip-json-comments": "5.0.2", "zod": "^4.1.11" }, "peerDependencies": { "@types/node": ">=18", "typescript": ">=5.0.4 <7" }, "bin": { "knip": "bin/knip.js", "knip-bun": "bin/knip-bun.js" } }, ""],

    "levn": ["levn@0.4.1", "", { "dependencies": { "prelude-ls": "^1.2.1", "type-check": "~0.4.0" } }, ""],

    "lint-staged": ["lint-staged@16.2.3", "", { "dependencies": { "commander": "^14.0.1", "listr2": "^9.0.4", "micromatch": "^4.0.8", "nano-spawn": "^1.0.3", "pidtree": "^0.6.0", "string-argv": "^0.3.2", "yaml": "^2.8.1" }, "bin": "bin/lint-staged.js" }, ""],

    "listr2": ["listr2@9.0.4", "", { "dependencies": { "cli-truncate": "^5.0.0", "colorette": "^2.0.20", "eventemitter3": "^5.0.1", "log-update": "^6.1.0", "rfdc": "^1.4.1", "wrap-ansi": "^9.0.0" } }, ""],

    "locate-path": ["locate-path@6.0.0", "", { "dependencies": { "p-locate": "^5.0.0" } }, ""],

    "lodash.merge": ["lodash.merge@4.6.2", "", {}, ""],

    "log-update": ["log-update@6.1.0", "", { "dependencies": { "ansi-escapes": "^7.0.0", "cli-cursor": "^5.0.0", "slice-ansi": "^7.1.0", "strip-ansi": "^7.1.0", "wrap-ansi": "^9.0.0" } }, ""],

    "magic-string": ["magic-string@0.30.19", "", { "dependencies": { "@jridgewell/sourcemap-codec": "^1.5.5" } }, ""],

    "merge2": ["merge2@1.4.1", "", {}, ""],

    "micromatch": ["micromatch@4.0.8", "", { "dependencies": { "braces": "^3.0.3", "picomatch": "^2.3.1" } }, ""],

    "mimic-function": ["mimic-function@5.0.1", "", {}, ""],

    "minimatch": ["minimatch@3.1.5", "", { "dependencies": { "brace-expansion": "^1.1.7" } }, "sha512-VgjWUsnnT6n+NUk6eZq77zeFdpW2LWDzP6zFGrCbHXiYNul5Dzqk2HHQ5uFH2DNW5Xbp8+jVzaeNt94ssEEl4w=="],

    "minimist": ["minimist@1.2.8", "", {}, ""],

    "ms": ["ms@2.1.3", "", {}, ""],

    "nano-spawn": ["nano-spawn@1.0.3", "", {}, ""],

    "natural-compare": ["natural-compare@1.4.0", "", {}, ""],

    "node-fetch-native": ["node-fetch-native@1.6.7", "", {}, ""],

    "npm-run-path": ["npm-run-path@6.0.0", "", { "dependencies": { "path-key": "^4.0.0", "unicorn-magic": "^0.3.0" } }, ""],

    "nypm": ["nypm@0.6.2", "", { "dependencies": { "citty": "^0.1.6", "consola": "^3.4.2", "pathe": "^2.0.3", "pkg-types": "^2.3.0", "tinyexec": "^1.0.1" }, "bin": "dist/cli.mjs" }, ""],

    "ohash": ["ohash@2.0.11", "", {}, ""],

    "onetime": ["onetime@7.0.0", "", { "dependencies": { "mimic-function": "^5.0.0" } }, ""],

    "optionator": ["optionator@0.9.4", "", { "dependencies": { "deep-is": "^0.1.3", "fast-levenshtein": "^2.0.6", "levn": "^0.4.1", "prelude-ls": "^1.2.1", "type-check": "^0.4.0", "word-wrap": "^1.2.5" } }, ""],

    "oxc-resolver": ["oxc-resolver@11.9.0", "", { "optionalDependencies": { "@oxc-resolver/binding-win32-x64-msvc": "11.9.0" } }, ""],

    "p-limit": ["p-limit@3.1.0", "", { "dependencies": { "yocto-queue": "^0.1.0" } }, ""],

    "p-locate": ["p-locate@5.0.0", "", { "dependencies": { "p-limit": "^3.0.2" } }, ""],

    "package-manager-detector": ["package-manager-detector@1.3.0", "", {}, ""],

    "parent-module": ["parent-module@1.0.1", "", { "dependencies": { "callsites": "^3.0.0" } }, ""],

    "parse-ms": ["parse-ms@4.0.0", "", {}, ""],

    "path-exists": ["path-exists@4.0.0", "", {}, ""],

    "path-key": ["path-key@3.1.1", "", {}, ""],

    "pathe": ["pathe@2.0.3", "", {}, ""],

    "perfect-debounce": ["perfect-debounce@2.0.0", "", {}, ""],

    "picocolors": ["picocolors@1.1.1", "", {}, ""],

    "picomatch": ["picomatch@4.0.4", "", {}, "sha512-QP88BAKvMam/3NxH6vj2o21R6MjxZUAd6nlwAS/pnGvN9IVLocLHxGYIzFhg6fUQ+5th6P4dv4eW9jX3DSIj7A=="],

    "pidtree": ["pidtree@0.6.0", "", { "bin": "bin/pidtree.js" }, ""],

    "pkg-types": ["pkg-types@2.3.0", "", { "dependencies": { "confbox": "^0.2.2", "exsolve": "^1.0.7", "pathe": "^2.0.3" } }, ""],

    "prelude-ls": ["prelude-ls@1.2.1", "", {}, ""],

    "prettier": ["prettier@3.6.2", "", { "bin": "bin/prettier.cjs" }, ""],

    "prettier-linter-helpers": ["prettier-linter-helpers@1.0.0", "", { "dependencies": { "fast-diff": "^1.1.2" } }, ""],

    "prettier-plugin-packagejson": ["prettier-plugin-packagejson@2.5.19", "", { "dependencies": { "sort-package-json": "3.4.0", "synckit": "0.11.11" }, "peerDependencies": { "prettier": ">= 1.16.0" } }, ""],

    "pretty-ms": ["pretty-ms@9.3.0", "", { "dependencies": { "parse-ms": "^4.0.0" } }, ""],

    "proxy-from-env": ["proxy-from-env@1.1.0", "", {}, ""],

    "punycode": ["punycode@2.3.1", "", {}, ""],

    "quansync": ["quansync@0.2.11", "", {}, ""],

    "queue-microtask": ["queue-microtask@1.2.3", "", {}, ""],

    "rc9": ["rc9@2.1.2", "", { "dependencies": { "defu": "^6.1.4", "destr": "^2.0.3" } }, ""],

    "readdirp": ["readdirp@4.1.2", "", {}, ""],

    "resolve-from": ["resolve-from@4.0.0", "", {}, ""],

    "resolve-pkg-maps": ["resolve-pkg-maps@1.0.0", "", {}, ""],

    "restore-cursor": ["restore-cursor@5.1.0", "", { "dependencies": { "onetime": "^7.0.0", "signal-exit": "^4.1.0" } }, ""],

    "reusify": ["reusify@1.1.0", "", {}, ""],

    "rfdc": ["rfdc@1.4.1", "", {}, ""],

    "rolldown": ["rolldown@1.0.0-rc.18", "", { "dependencies": { "@oxc-project/types": "=0.128.0", "@rolldown/pluginutils": "1.0.0-rc.18" }, "optionalDependencies": { "@rolldown/binding-android-arm64": "1.0.0-rc.18", "@rolldown/binding-darwin-arm64": "1.0.0-rc.18", "@rolldown/binding-darwin-x64": "1.0.0-rc.18", "@rolldown/binding-freebsd-x64": "1.0.0-rc.18", "@rolldown/binding-linux-arm-gnueabihf": "1.0.0-rc.18", "@rolldown/binding-linux-arm64-gnu": "1.0.0-rc.18", "@rolldown/binding-linux-arm64-musl": "1.0.0-rc.18", "@rolldown/binding-linux-ppc64-gnu": "1.0.0-rc.18", "@rolldown/binding-linux-s390x-gnu": "1.0.0-rc.18", "@rolldown/binding-linux-x64-gnu": "1.0.0-rc.18", "@rolldown/binding-linux-x64-musl": "1.0.0-rc.18", "@rolldown/binding-openharmony-arm64": "1.0.0-rc.18", "@rolldown/binding-wasm32-wasi": "1.0.0-rc.18", "@rolldown/binding-win32-arm64-msvc": "1.0.0-rc.18", "@rolldown/binding-win32-x64-msvc": "1.0.0-rc.18" }, "bin": { "rolldown": "bin/cli.mjs" } }, "sha512-phmyKBpuBdRYDf4hgyynGAYn/rDDe+iZXKVJ7WX5b1zQzpLkP5oJRPGsfJuHdzPMlyyEO/4sPW6yfSx2gf7lVg=="],

    "rolldown-plugin-dts": ["rolldown-plugin-dts@0.16.11", "", { "dependencies": { "@babel/generator": "^7.28.3", "@babel/parser": "^7.28.4", "@babel/types": "^7.28.4", "ast-kit": "^2.1.2", "birpc": "^2.6.1", "debug": "^4.4.3", "dts-resolver": "^2.1.2", "get-tsconfig": "^4.10.1", "magic-string": "^0.30.19" }, "peerDependencies": { "@ts-macro/tsc": "^0.3.6", "@typescript/native-preview": ">=7.0.0-dev.20250601.1", "rolldown": "^1.0.0-beta.9", "typescript": "^5.0.0", "vue-tsc": "~3.1.0" }, "optionalPeers": ["@ts-macro/tsc", "@typescript/native-preview", "vue-tsc"] }, ""],

    "run-parallel": ["run-parallel@1.2.0", "", { "dependencies": { "queue-microtask": "^1.2.2" } }, ""],

    "semver": ["semver@7.7.2", "", { "bin": "bin/semver.js" }, ""],

    "shebang-command": ["shebang-command@2.0.0", "", { "dependencies": { "shebang-regex": "^3.0.0" } }, ""],

    "shebang-regex": ["shebang-regex@3.0.0", "", {}, ""],

    "signal-exit": ["signal-exit@4.1.0", "", {}, ""],

    "simple-git-hooks": ["simple-git-hooks@2.13.1", "", { "bin": "cli.js" }, ""],

    "slice-ansi": ["slice-ansi@7.1.2", "", { "dependencies": { "ansi-styles": "^6.2.1", "is-fullwidth-code-point": "^5.0.0" } }, ""],

    "smol-toml": ["smol-toml@1.6.1", "", {}, "sha512-dWUG8F5sIIARXih1DTaQAX4SsiTXhInKf1buxdY9DIg4ZYPZK5nGM1VRIYmEbDbsHt7USo99xSLFu5Q1IqTmsg=="],

    "sort-object-keys": ["sort-object-keys@1.1.3", "", {}, ""],

    "sort-package-json": ["sort-package-json@3.4.0", "", { "dependencies": { "detect-indent": "^7.0.1", "detect-newline": "^4.0.1", "git-hooks-list": "^4.0.0", "is-plain-obj": "^4.1.0", "semver": "^7.7.1", "sort-object-keys": "^1.1.3", "tinyglobby": "^0.2.12" }, "bin": "cli.js" }, ""],

    "srvx": ["srvx@0.11.15", "", { "bin": "bin/srvx.mjs" }, "sha512-iXsux0UcOjdvs0LCMa2Ws3WwcDUozA3JN3BquNXkaFPP7TpRqgunKdEgoZ/uwb1J6xaYHfxtz9Twlh6yzwM6Tg=="],

    "string-argv": ["string-argv@0.3.2", "", {}, ""],

    "string-width": ["string-width@8.1.0", "", { "dependencies": { "get-east-asian-width": "^1.3.0", "strip-ansi": "^7.1.0" } }, ""],

    "strip-ansi": ["strip-ansi@7.1.2", "", { "dependencies": { "ansi-regex": "^6.0.1" } }, ""],

    "strip-final-newline": ["strip-final-newline@4.0.0", "", {}, ""],

    "strip-json-comments": ["strip-json-comments@5.0.2", "", {}, ""],

    "supports-color": ["supports-color@7.2.0", "", { "dependencies": { "has-flag": "^4.0.0" } }, ""],

    "synckit": ["synckit@0.11.11", "", { "dependencies": { "@pkgr/core": "^0.2.9" } }, ""],

    "system-architecture": ["system-architecture@0.1.0", "", {}, ""],

    "tiny-invariant": ["tiny-invariant@1.3.3", "", {}, ""],

    "tinyexec": ["tinyexec@1.0.1", "", {}, ""],

    "tinyglobby": ["tinyglobby@0.2.15", "", { "dependencies": { "fdir": "^6.5.0", "picomatch": "^4.0.3" } }, ""],

    "to-regex-range": ["to-regex-range@5.0.1", "", { "dependencies": { "is-number": "^7.0.0" } }, ""],

    "tree-kill": ["tree-kill@1.2.2", "", { "bin": "cli.js" }, ""],

    "ts-api-utils": ["ts-api-utils@2.1.0", "", { "peerDependencies": { "typescript": ">=4.8.4" } }, ""],

    "tsdown": ["tsdown@0.15.6", "", { "dependencies": { "ansis": "^4.1.0", "cac": "^6.7.14", "chokidar": "^4.0.3", "debug": "^4.4.3", "diff": "^8.0.2", "empathic": "^2.0.0", "hookable": "^5.5.3", "rolldown": "latest", "rolldown-plugin-dts": "^0.16.8", "semver": "^7.7.2", "tinyexec": "^1.0.1", "tinyglobby": "^0.2.15", "tree-kill": "^1.2.2", "unconfig": "^7.3.3" }, "peerDependencies": { "@arethetypeswrong/core": "^0.18.1", "publint": "^0.3.0", "typescript": "^5.0.0", "unplugin-lightningcss": "^0.4.0", "unplugin-unused": "^0.5.0" }, "optionalPeers": ["@arethetypeswrong/core", "publint", "unplugin-lightningcss", "unplugin-unused"], "bin": "dist/run.mjs" }, ""],

    "tslib": ["tslib@2.8.1", "", {}, "sha512-oJFu94HQb+KVduSUQL7wnpmqnfmLsOA/nAh6b6EH0wCEoK0/mPeXU6c3wKDV83MkOuHPRHtSXKKU99IBazS/2w=="],

    "type-check": ["type-check@0.4.0", "", { "dependencies": { "prelude-ls": "^1.2.1" } }, ""],

    "typescript": ["typescript@5.9.3", "", { "bin": { "tsc": "bin/tsc", "tsserver": "bin/tsserver" } }, ""],

    "typescript-eslint": ["typescript-eslint@8.45.0", "", { "dependencies": { "@typescript-eslint/eslint-plugin": "8.45.0", "@typescript-eslint/parser": "8.45.0", "@typescript-eslint/typescript-estree": "8.45.0", "@typescript-eslint/utils": "8.45.0" }, "peerDependencies": { "eslint": "^8.57.0 || ^9.0.0", "typescript": ">=4.8.4 <6.0.0" } }, ""],

    "unconfig": ["unconfig@7.3.3", "", { "dependencies": { "@quansync/fs": "^0.1.5", "defu": "^6.1.4", "jiti": "^2.5.1", "quansync": "^0.2.11" } }, ""],

    "undici": ["undici@7.25.0", "", {}, "sha512-xXnp4kTyor2Zq+J1FfPI6Eq3ew5h6Vl0F/8d9XU5zZQf1tX9s2Su1/3PiMmUANFULpmksxkClamIZcaUqryHsQ=="],

    "undici-types": ["undici-types@7.13.0", "", {}, ""],

    "unicorn-magic": ["unicorn-magic@0.3.0", "", {}, ""],

    "uri-js": ["uri-js@4.4.1", "", { "dependencies": { "punycode": "^2.1.0" } }, ""],

    "walk-up-path": ["walk-up-path@4.0.0", "", {}, ""],

    "which": ["which@2.0.2", "", { "dependencies": { "isexe": "^2.0.0" }, "bin": { "node-which": "bin/node-which" } }, ""],

    "winreg": ["winreg@1.2.5", "", {}, ""],

    "word-wrap": ["word-wrap@1.2.5", "", {}, ""],

    "wrap-ansi": ["wrap-ansi@9.0.2", "", { "dependencies": { "ansi-styles": "^6.2.1", "string-width": "^7.0.0", "strip-ansi": "^7.1.0" } }, ""],

    "yaml": ["yaml@2.8.4", "", { "bin": "bin.mjs" }, "sha512-ml/JPOj9fOQK8RNnWojA67GbZ0ApXAUlN2UQclwv2eVgTgn7O9gg9o7paZWKMp4g0H3nTLtS9LVzhkpOFIKzog=="],

    "yocto-queue": ["yocto-queue@0.1.0", "", {}, ""],

    "yoctocolors": ["yoctocolors@2.1.2", "", {}, ""],

    "zod": ["zod@4.1.11", "", {}, ""],

    "@eslint-community/eslint-utils/eslint-visitor-keys": ["eslint-visitor-keys@3.4.3", "", {}, ""],

    "@eslint/eslintrc/globals": ["globals@14.0.0", "", {}, ""],

    "@eslint/eslintrc/strip-json-comments": ["strip-json-comments@3.1.1", "", {}, ""],

    "@typescript-eslint/eslint-plugin/ignore": ["ignore@7.0.5", "", {}, ""],

    "@typescript-eslint/typescript-estree/minimatch": ["minimatch@9.0.9", "", { "dependencies": { "brace-expansion": "^2.0.2" } }, "sha512-OBwBN9AL4dqmETlpS2zasx+vTeWclWzkblfZk7KTA5j3jeOONz/tRCnZomUyvNg83wL5Zv9Ss6HMJXAgL8R2Yg=="],

    "fast-glob/glob-parent": ["glob-parent@5.1.2", "", { "dependencies": { "is-glob": "^4.0.1" } }, ""],

    "micromatch/picomatch": ["picomatch@2.3.2", "", {}, "sha512-V7+vQEJ06Z+c5tSye8S+nHUfI51xoXIXjHQ99cQtKUkQqqO1kO/KCJUfZXuB47h/YBlDhah2H3hdUGXn8ie0oA=="],

    "npm-run-path/path-key": ["path-key@4.0.0", "", {}, ""],

    "slice-ansi/ansi-styles": ["ansi-styles@6.2.3", "", {}, ""],

    "wrap-ansi/ansi-styles": ["ansi-styles@6.2.3", "", {}, ""],

    "wrap-ansi/string-width": ["string-width@7.2.0", "", { "dependencies": { "emoji-regex": "^10.3.0", "get-east-asian-width": "^1.0.0", "strip-ansi": "^7.1.0" } }, ""],

    "@typescript-eslint/typescript-estree/minimatch/brace-expansion": ["brace-expansion@2.1.0", "", { "dependencies": { "balanced-match": "^1.0.0" } }, "sha512-TN1kCZAgdgweJhWWpgKYrQaMNHcDULHkWwQIspdtjV4Y5aurRdZpjAqn6yX3FPqTA9ngHCc4hJxMAMgGfve85w=="],
  }
}
